
Microsoft Visual Studio Solution File, Format Version 12.00
# Visual Studio Version 17
VisualStudioVersion = 17.3.32804.467
MinimumVisualStudioVersion = 10.0.40219.1
Project("{FAE04EC0-301F-11D3-BF4B-00C04F79EFBC}") = "TestTask", "TestTask\TestTask.csproj", "{AE12C2B5-6547-45CC-88AB-8B9778926801}"
EndProject
Global
	GlobalSection(SolutionConfigurationPlatforms) = preSolution
		Debug|Any CPU = Debug|Any CPU
		Release|Any CPU = Release|Any CPU
	EndGlobalSection
	GlobalSection(ProjectConfigurationPlatforms) = postSolution
		{AE12C2B5-6547-45CC-88AB-8B9778926801}.Debug|Any CPU.ActiveCfg = Debug|Any CPU
		{AE12C2B5-6547-45CC-88AB-8B9778926801}.Debug|Any CPU.Build.0 = Debug|Any CPU
		{AE12C2B5-6547-45CC-88AB-8B9778926801}.Release|Any CPU.ActiveCfg = Release|Any CPU
		{AE12C2B5-6547-45CC-88AB-8B9778926801}.Release|Any CPU.Build.0 = Release|Any CPU
	EndGlobalSection
	GlobalSection(SolutionProperties) = preSolution
		HideSolutionNode = FALSE
	EndGlobalSection
	GlobalSection(ExtensibilityGlobals) = postSolution
		SolutionGuid = {9388856C-1B7E-48F3-BA7F-BD9337675554}
	EndGlobalSection
EndGlobal
